
Microsoft Visual Studio Solution File, Format Version 12.00
# Visual Studio Version 16
VisualStudioVersion = 16.0.31729.503
MinimumVisualStudioVersion = 10.0.40219.1
Project("{9A19103F-16F7-4668-BE54-9A1E7A4F7556}") = "Tweet-App-API", "Tweet-App-API\Tweet-App-API.csproj", "{190E259B-2BA2-4D63-84AF-4AAF0FCD9135}"
EndProject
Project("{9A19103F-16F7-4668-BE54-9A1E7A4F7556}") = "Tweet-App-APT_TestFixture", "Tweet-App-APT_TestFixture\Tweet-App-APT_TestFixture.csproj", "{1B137AEA-0333-40BF-928E-271A047FB15D}"
EndProject
Global
	GlobalSection(SolutionConfigurationPlatforms) = preSolution
		Debug|Any CPU = Debug|Any CPU
		Release|Any CPU = Release|Any CPU
	EndGlobalSection
	GlobalSection(ProjectConfigurationPlatforms) = postSolution
		{190E259B-2BA2-4D63-84AF-4AAF0FCD9135}.Debug|Any CPU.ActiveCfg = Debug|Any CPU
		{190E259B-2BA2-4D63-84AF-4AAF0FCD9135}.Debug|Any CPU.Build.0 = Debug|Any CPU
		{190E259B-2BA2-4D63-84AF-4AAF0FCD9135}.Release|Any CPU.ActiveCfg = Release|Any CPU
		{190E259B-2BA2-4D63-84AF-4AAF0FCD9135}.Release|Any CPU.Build.0 = Release|Any CPU
		{1B137AEA-0333-40BF-928E-271A047FB15D}.Debug|Any CPU.ActiveCfg = Debug|Any CPU
		{1B137AEA-0333-40BF-928E-271A047FB15D}.Debug|Any CPU.Build.0 = Debug|Any CPU
		{1B137AEA-0333-40BF-928E-271A047FB15D}.Release|Any CPU.ActiveCfg = Release|Any CPU
		{1B137AEA-0333-40BF-928E-271A047FB15D}.Release|Any CPU.Build.0 = Release|Any CPU
	EndGlobalSection
	GlobalSection(SolutionProperties) = preSolution
		HideSolutionNode = FALSE
	EndGlobalSection
	GlobalSection(ExtensibilityGlobals) = postSolution
		SolutionGuid = {434EAA8A-3A60-43B4-88CE-6DA7ACA0F399}
	EndGlobalSection
EndGlobal
